
Microsoft Visual Studio Solution File, Format Version 11.00
# Visual Studio 2010
Project("{888888A0-9F3D-457C-B088-3A5042F75D52}") = "Umbraco.Sql.SuperFetcher", "Umbraco.Sql.SuperFetcher.pyproj", "{844E83C2-E8FA-4629-8AE2-999B7B73150F}"
EndProject
Global
	GlobalSection(SolutionConfigurationPlatforms) = preSolution
		Debug|Any CPU = Debug|Any CPU
		Release|Any CPU = Release|Any CPU
	EndGlobalSection
	GlobalSection(ProjectConfigurationPlatforms) = postSolution
		{844E83C2-E8FA-4629-8AE2-999B7B73150F}.Debug|Any CPU.ActiveCfg = Debug|Any CPU
		{844E83C2-E8FA-4629-8AE2-999B7B73150F}.Debug|Any CPU.Build.0 = Debug|Any CPU
		{844E83C2-E8FA-4629-8AE2-999B7B73150F}.Release|Any CPU.ActiveCfg = Release|Any CPU
		{844E83C2-E8FA-4629-8AE2-999B7B73150F}.Release|Any CPU.Build.0 = Release|Any CPU
	EndGlobalSection
	GlobalSection(SolutionProperties) = preSolution
		HideSolutionNode = FALSE
	EndGlobalSection
EndGlobal
